
Microsoft Visual Studio Solution File, Format Version 12.00
# Visual Studio Version 16
VisualStudioVersion = 16.0.28902.138
MinimumVisualStudioVersion = 10.0.40219.1
Project("{FAE04EC0-301F-11D3-BF4B-00C04F79EFBC}") = "BtResourceGrabber", "BtResourceGrabber\BtResourceGrabber.csproj", "{1A5131B8-A650-4236-887B-67B1CE5EA13F}"
EndProject
Project("{FAE04EC0-301F-11D3-BF4B-00C04F79EFBC}") = "BRG", "BRG\BRG.csproj", "{B6D3D7C9-0D2C-484E-80D6-CFF6CDB992B2}"
EndProject
Project("{2150E333-8FDC-42A3-9474-1A3956D46DE8}") = "插件", "插件", "{B7670518-777D-4940-983A-E6549EE763A4}"
EndProject
Project("{FAE04EC0-301F-11D3-BF4B-00C04F79EFBC}") = "BRT.CommonPaste.Plugin", "plugins\BRT.CommonPaste.Plugin\BRT.CommonPaste.Plugin.csproj", "{7B60E19E-98FC-4354-8529-FD438F6973A8}"
EndProject
Project("{FAE04EC0-301F-11D3-BF4B-00C04F79EFBC}") = "BRT.DownloadConnector.Plugin", "plugins\BRT.DownloadConnector.Plugin\BRT.DownloadConnector.Plugin.csproj", "{594D0467-CA59-4E08-A7B9-D9C96CDFB335}"
EndProject
Project("{FAE04EC0-301F-11D3-BF4B-00C04F79EFBC}") = "BRG.Engines", "BRG.Engines\BRG.Engines.csproj", "{8C621DCB-0B28-412F-9A87-1B298BCA2000}"
EndProject
Project("{FAE04EC0-301F-11D3-BF4B-00C04F79EFBC}") = "BRG.Engines.BuildIn", "BRG.Engines.BuildIn\BRG.Engines.BuildIn.csproj", "{F7BCB0D0-14AE-489A-A58E-3405C49958A0}"
EndProject
Project("{FAE04EC0-301F-11D3-BF4B-00C04F79EFBC}") = "BRG.DB", "BRG.DB\BRG.DB.csproj", "{DFE95148-00BD-4CE6-B175-8D62BBB6956E}"
EndProject
Project("{FAE04EC0-301F-11D3-BF4B-00C04F79EFBC}") = "BRG.Security", "BRG.Security\BRG.Security.csproj", "{6FF193E9-1703-455C-8670-6A2E1B47F093}"
EndProject
Project("{FAE04EC0-301F-11D3-BF4B-00C04F79EFBC}") = "FSLib.FileFormats.TorrentFile", "FSLib.FileFormats.TorrentFile\src\FSLib.FileFormats.TorrentFile\FSLib.FileFormats.TorrentFile.csproj", "{485F5283-11DC-4AED-AB57-AF5FD8026D76}"
EndProject
Global
	GlobalSection(SolutionConfigurationPlatforms) = preSolution
		Debug|Any CPU = Debug|Any CPU
		Release|Any CPU = Release|Any CPU
	EndGlobalSection
	GlobalSection(ProjectConfigurationPlatforms) = postSolution
		{1A5131B8-A650-4236-887B-67B1CE5EA13F}.Debug|Any CPU.ActiveCfg = Debug|Any CPU
		{1A5131B8-A650-4236-887B-67B1CE5EA13F}.Debug|Any CPU.Build.0 = Debug|Any CPU
		{1A5131B8-A650-4236-887B-67B1CE5EA13F}.Release|Any CPU.ActiveCfg = Release|Any CPU
		{1A5131B8-A650-4236-887B-67B1CE5EA13F}.Release|Any CPU.Build.0 = Release|Any CPU
		{B6D3D7C9-0D2C-484E-80D6-CFF6CDB992B2}.Debug|Any CPU.ActiveCfg = Debug|Any CPU
		{B6D3D7C9-0D2C-484E-80D6-CFF6CDB992B2}.Debug|Any CPU.Build.0 = Debug|Any CPU
		{B6D3D7C9-0D2C-484E-80D6-CFF6CDB992B2}.Release|Any CPU.ActiveCfg = Release|Any CPU
		{B6D3D7C9-0D2C-484E-80D6-CFF6CDB992B2}.Release|Any CPU.Build.0 = Release|Any CPU
		{7B60E19E-98FC-4354-8529-FD438F6973A8}.Debug|Any CPU.ActiveCfg = Debug|Any CPU
		{7B60E19E-98FC-4354-8529-FD438F6973A8}.Debug|Any CPU.Build.0 = Debug|Any CPU
		{7B60E19E-98FC-4354-8529-FD438F6973A8}.Release|Any CPU.ActiveCfg = Release|Any CPU
		{7B60E19E-98FC-4354-8529-FD438F6973A8}.Release|Any CPU.Build.0 = Release|Any CPU
		{594D0467-CA59-4E08-A7B9-D9C96CDFB335}.Debug|Any CPU.ActiveCfg = Debug|Any CPU
		{594D0467-CA59-4E08-A7B9-D9C96CDFB335}.Debug|Any CPU.Build.0 = Debug|Any CPU
		{594D0467-CA59-4E08-A7B9-D9C96CDFB335}.Release|Any CPU.ActiveCfg = Release|Any CPU
		{594D0467-CA59-4E08-A7B9-D9C96CDFB335}.Release|Any CPU.Build.0 = Release|Any CPU
		{8C621DCB-0B28-412F-9A87-1B298BCA2000}.Debug|Any CPU.ActiveCfg = Debug|Any CPU
		{8C621DCB-0B28-412F-9A87-1B298BCA2000}.Debug|Any CPU.Build.0 = Debug|Any CPU
		{8C621DCB-0B28-412F-9A87-1B298BCA2000}.Release|Any CPU.ActiveCfg = Release|Any CPU
		{8C621DCB-0B28-412F-9A87-1B298BCA2000}.Release|Any CPU.Build.0 = Release|Any CPU
		{F7BCB0D0-14AE-489A-A58E-3405C49958A0}.Debug|Any CPU.ActiveCfg = Debug|Any CPU
		{F7BCB0D0-14AE-489A-A58E-3405C49958A0}.Debug|Any CPU.Build.0 = Debug|Any CPU
		{F7BCB0D0-14AE-489A-A58E-3405C49958A0}.Release|Any CPU.ActiveCfg = Release|Any CPU
		{F7BCB0D0-14AE-489A-A58E-3405C49958A0}.Release|Any CPU.Build.0 = Release|Any CPU
		{DFE95148-00BD-4CE6-B175-8D62BBB6956E}.Debug|Any CPU.ActiveCfg = Debug|Any CPU
		{DFE95148-00BD-4CE6-B175-8D62BBB6956E}.Debug|Any CPU.Build.0 = Debug|Any CPU
		{DFE95148-00BD-4CE6-B175-8D62BBB6956E}.Release|Any CPU.ActiveCfg = Release|Any CPU
		{DFE95148-00BD-4CE6-B175-8D62BBB6956E}.Release|Any CPU.Build.0 = Release|Any CPU
		{6FF193E9-1703-455C-8670-6A2E1B47F093}.Debug|Any CPU.ActiveCfg = Debug|Any CPU
		{6FF193E9-1703-455C-8670-6A2E1B47F093}.Debug|Any CPU.Build.0 = Debug|Any CPU
		{6FF193E9-1703-455C-8670-6A2E1B47F093}.Release|Any CPU.ActiveCfg = Release|Any CPU
		{6FF193E9-1703-455C-8670-6A2E1B47F093}.Release|Any CPU.Build.0 = Release|Any CPU
		{485F5283-11DC-4AED-AB57-AF5FD8026D76}.Debug|Any CPU.ActiveCfg = Debug|Any CPU
		{485F5283-11DC-4AED-AB57-AF5FD8026D76}.Debug|Any CPU.Build.0 = Debug|Any CPU
		{485F5283-11DC-4AED-AB57-AF5FD8026D76}.Release|Any CPU.ActiveCfg = Release|Any CPU
		{485F5283-11DC-4AED-AB57-AF5FD8026D76}.Release|Any CPU.Build.0 = Release|Any CPU
	EndGlobalSection
	GlobalSection(SolutionProperties) = preSolution
		HideSolutionNode = FALSE
	EndGlobalSection
	GlobalSection(NestedProjects) = preSolution
		{7B60E19E-98FC-4354-8529-FD438F6973A8} = {B7670518-777D-4940-983A-E6549EE763A4}
		{594D0467-CA59-4E08-A7B9-D9C96CDFB335} = {B7670518-777D-4940-983A-E6549EE763A4}
	EndGlobalSection
	GlobalSection(ExtensibilityGlobals) = postSolution
		SolutionGuid = {B61F4BEF-C32F-4DDD-910F-4A028FE0D998}
	EndGlobalSection
EndGlobal
